{
  "name": "symfony",
  "lockfileVersion": 2,
  "requires": true,
  "packages": {
    "": {
      "dependencies": {
        "pdo": "^1.1.1"
      }
    },
    "node_modules/pdo": {
      "version": "1.1.1",
      "resolved": "https://registry.npmjs.org/pdo/-/pdo-1.1.1.tgz",
      "integrity": "sha512-bBIYJoD0qJ2+AU5wwajAoGVYl69gb2brkWidDj6mNL+huHHiJm01/8IS8m9xbT0JQdUE2fFhlqe7eii1mbBFZw==",
      "engines": {
        "node": ">=4.9.1"
      }
    }
  },
  "dependencies": {
    "pdo": {
      "version": "1.1.1",
      "resolved": "https://registry.npmjs.org/pdo/-/pdo-1.1.1.tgz",
      "integrity": "sha512-bBIYJoD0qJ2+AU5wwajAoGVYl69gb2brkWidDj6mNL+huHHiJm01/8IS8m9xbT0JQdUE2fFhlqe7eii1mbBFZw=="
    }
  }
}
